Microsoft Visual Studio Solution File, Format Version 12.00
# Visual Studio Version 17
VisualStudioVersion = 17.5.2.0
MinimumVisualStudioVersion = 10.0.40219.1
Project("{FAE04EC0-301F-11D3-BF4B-00C04F79EFBC}") = "censudex", "censudex.csproj", "{C42247D6-BFC3-341D-7DB5-FD376466E00F}"
EndProject
Global
	GlobalSection(SolutionConfigurationPlatforms) = preSolution
		Debug|Any CPU = Debug|Any CPU
		Release|Any CPU = Release|Any CPU
	EndGlobalSection
	GlobalSection(ProjectConfigurationPlatforms) = postSolution
		{C42247D6-BFC3-341D-7DB5-FD376466E00F}.Debug|Any CPU.ActiveCfg = Debug|Any CPU
		{C42247D6-BFC3-341D-7DB5-FD376466E00F}.Debug|Any CPU.Build.0 = Debug|Any CPU
		{C42247D6-BFC3-341D-7DB5-FD376466E00F}.Release|Any CPU.ActiveCfg = Release|Any CPU
		{C42247D6-BFC3-341D-7DB5-FD376466E00F}.Release|Any CPU.Build.0 = Release|Any CPU
	EndGlobalSection
	GlobalSection(SolutionProperties) = preSolution
		HideSolutionNode = FALSE
	EndGlobalSection
	GlobalSection(ExtensibilityGlobals) = postSolution
		SolutionGuid = {579E80BD-1174-4A6A-AD90-F1EB7ECA4B81}
	EndGlobalSection
EndGlobal
